
Microsoft Visual Studio Solution File, Format Version 12.00
# Visual Studio Version 17
VisualStudioVersion = 17.6.33717.318
MinimumVisualStudioVersion = 10.0.40219.1
Project("{FAE04EC0-301F-11D3-BF4B-00C04F79EFBC}") = "CSEncrypt", "CSEncrypt\CSEncrypt.csproj", "{7FDCCA6C-6444-43C2-A8F9-1368BCF89971}"
EndProject
Global
	GlobalSection(SolutionConfigurationPlatforms) = preSolution
		Debug|Any CPU = Debug|Any CPU
		Release|Any CPU = Release|Any CPU
	EndGlobalSection
	GlobalSection(ProjectConfigurationPlatforms) = postSolution
		{7FDCCA6C-6444-43C2-A8F9-1368BCF89971}.Debug|Any CPU.ActiveCfg = Debug|Any CPU
		{7FDCCA6C-6444-43C2-A8F9-1368BCF89971}.Debug|Any CPU.Build.0 = Debug|Any CPU
		{7FDCCA6C-6444-43C2-A8F9-1368BCF89971}.Release|Any CPU.ActiveCfg = Release|Any CPU
		{7FDCCA6C-6444-43C2-A8F9-1368BCF89971}.Release|Any CPU.Build.0 = Release|Any CPU
	EndGlobalSection
	GlobalSection(SolutionProperties) = preSolution
		HideSolutionNode = FALSE
	EndGlobalSection
	GlobalSection(ExtensibilityGlobals) = postSolution
		SolutionGuid = {FD2AF191-EBF0-4380-9B8E-ECDC860757DD}
	EndGlobalSection
EndGlobal
